
Microsoft Visual Studio Solution File, Format Version 12.00
# Visual Studio Version 17
VisualStudioVersion = 17.12.35309.182
MinimumVisualStudioVersion = 10.0.40219.1
Project("{FAE04EC0-301F-11D3-BF4B-00C04F79EFBC}") = "GigaRed.Cliente", "GigaRed.Cliente\GigaRed.Cliente.csproj", "{F2059FB0-F0FE-483F-8EC6-B21B197758C3}"
EndProject
Project("{2150E333-8FDC-42A3-9474-1A3956D46DE8}") = "Aplicacion", "Aplicacion", "{6E6558F3-5FE8-4355-B97E-9CCF72EE65CD}"
EndProject
Project("{2150E333-8FDC-42A3-9474-1A3956D46DE8}") = "Dominio", "Dominio", "{77B1D698-3077-41AF-81A0-771471FB4168}"
EndProject
Project("{2150E333-8FDC-42A3-9474-1A3956D46DE8}") = "Infraestructura", "Infraestructura", "{1D4DF333-EE41-4EC8-B5FD-C1AC1A51F894}"
EndProject
Project("{2150E333-8FDC-42A3-9474-1A3956D46DE8}") = "Presentacion", "Presentacion", "{09FB0E44-1420-41FC-A89A-584C2CA6CC38}"
EndProject
Project("{FAE04EC0-301F-11D3-BF4B-00C04F79EFBC}") = "GigaRed.Cliente.Entidades", "GigaRed.Cliente.Entidades\GigaRed.Cliente.Entidades.csproj", "{5F2D9171-BE52-4149-879E-A4240E23A420}"
EndProject
Project("{FAE04EC0-301F-11D3-BF4B-00C04F79EFBC}") = "GigaRed.Cliente.Excepciones", "GigaRed.Cliente.Excepciones\GigaRed.Cliente.Excepciones.csproj", "{C3F55344-C5E2-422E-AE7C-2A504C964DE1}"
EndProject
Project("{FAE04EC0-301F-11D3-BF4B-00C04F79EFBC}") = "GigaRed.Cliente.Interfaces", "GigaRed.Cliente.Interfaces\GigaRed.Cliente.Interfaces.csproj", "{0AC547EB-CFC5-415D-A7D2-3A5FE794D105}"
EndProject
Project("{FAE04EC0-301F-11D3-BF4B-00C04F79EFBC}") = "GigaRed.Cliente.Servicios", "GigaRed.Cliente.Servicios\GigaRed.Cliente.Servicios.csproj", "{7F5781E7-3237-4F8D-99EA-832AECB4689F}"
EndProject
Project("{FAE04EC0-301F-11D3-BF4B-00C04F79EFBC}") = "GigaRed.Cliente.Validadores", "GigaRed.Cliente.Validadores\GigaRed.Cliente.Validadores.csproj", "{EC5AAD26-9E9C-4A7D-834D-326408BE0836}"
EndProject
Project("{FAE04EC0-301F-11D3-BF4B-00C04F79EFBC}") = "GigaRed.Cliente.Repositorios", "GigaRed.Cliente.Repositorios\GigaRed.Cliente.Repositorios.csproj", "{A9D84529-C475-41CE-856D-8FC2AA58EF3D}"
EndProject
Project("{FAE04EC0-301F-11D3-BF4B-00C04F79EFBC}") = "GigaRed.Cliente.AlmacenamientoLocal", "GigaRed.Cliente.AlmacenamientoLocal\GigaRed.Cliente.AlmacenamientoLocal.csproj", "{722B86B2-3E82-4E65-9F00-BFD02ECBF10B}"
EndProject
Global
	GlobalSection(SolutionConfigurationPlatforms) = preSolution
		Debug|Any CPU = Debug|Any CPU
		Release|Any CPU = Release|Any CPU
	EndGlobalSection
	GlobalSection(ProjectConfigurationPlatforms) = postSolution
		{F2059FB0-F0FE-483F-8EC6-B21B197758C3}.Debug|Any CPU.ActiveCfg = Debug|Any CPU
		{F2059FB0-F0FE-483F-8EC6-B21B197758C3}.Debug|Any CPU.Build.0 = Debug|Any CPU
		{F2059FB0-F0FE-483F-8EC6-B21B197758C3}.Release|Any CPU.ActiveCfg = Release|Any CPU
		{F2059FB0-F0FE-483F-8EC6-B21B197758C3}.Release|Any CPU.Build.0 = Release|Any CPU
		{5F2D9171-BE52-4149-879E-A4240E23A420}.Debug|Any CPU.ActiveCfg = Debug|Any CPU
		{5F2D9171-BE52-4149-879E-A4240E23A420}.Debug|Any CPU.Build.0 = Debug|Any CPU
		{5F2D9171-BE52-4149-879E-A4240E23A420}.Release|Any CPU.ActiveCfg = Release|Any CPU
		{5F2D9171-BE52-4149-879E-A4240E23A420}.Release|Any CPU.Build.0 = Release|Any CPU
		{C3F55344-C5E2-422E-AE7C-2A504C964DE1}.Debug|Any CPU.ActiveCfg = Debug|Any CPU
		{C3F55344-C5E2-422E-AE7C-2A504C964DE1}.Debug|Any CPU.Build.0 = Debug|Any CPU
		{C3F55344-C5E2-422E-AE7C-2A504C964DE1}.Release|Any CPU.ActiveCfg = Release|Any CPU
		{C3F55344-C5E2-422E-AE7C-2A504C964DE1}.Release|Any CPU.Build.0 = Release|Any CPU
		{0AC547EB-CFC5-415D-A7D2-3A5FE794D105}.Debug|Any CPU.ActiveCfg = Debug|Any CPU
		{0AC547EB-CFC5-415D-A7D2-3A5FE794D105}.Debug|Any CPU.Build.0 = Debug|Any CPU
		{0AC547EB-CFC5-415D-A7D2-3A5FE794D105}.Release|Any CPU.ActiveCfg = Release|Any CPU
		{0AC547EB-CFC5-415D-A7D2-3A5FE794D105}.Release|Any CPU.Build.0 = Release|Any CPU
		{7F5781E7-3237-4F8D-99EA-832AECB4689F}.Debug|Any CPU.ActiveCfg = Debug|Any CPU
		{7F5781E7-3237-4F8D-99EA-832AECB4689F}.Debug|Any CPU.Build.0 = Debug|Any CPU
		{7F5781E7-3237-4F8D-99EA-832AECB4689F}.Release|Any CPU.ActiveCfg = Release|Any CPU
		{7F5781E7-3237-4F8D-99EA-832AECB4689F}.Release|Any CPU.Build.0 = Release|Any CPU
		{EC5AAD26-9E9C-4A7D-834D-326408BE0836}.Debug|Any CPU.ActiveCfg = Debug|Any CPU
		{EC5AAD26-9E9C-4A7D-834D-326408BE0836}.Debug|Any CPU.Build.0 = Debug|Any CPU
		{EC5AAD26-9E9C-4A7D-834D-326408BE0836}.Release|Any CPU.ActiveCfg = Release|Any CPU
		{EC5AAD26-9E9C-4A7D-834D-326408BE0836}.Release|Any CPU.Build.0 = Release|Any CPU
		{A9D84529-C475-41CE-856D-8FC2AA58EF3D}.Debug|Any CPU.ActiveCfg = Debug|Any CPU
		{A9D84529-C475-41CE-856D-8FC2AA58EF3D}.Debug|Any CPU.Build.0 = Debug|Any CPU
		{A9D84529-C475-41CE-856D-8FC2AA58EF3D}.Release|Any CPU.ActiveCfg = Release|Any CPU
		{A9D84529-C475-41CE-856D-8FC2AA58EF3D}.Release|Any CPU.Build.0 = Release|Any CPU
		{722B86B2-3E82-4E65-9F00-BFD02ECBF10B}.Debug|Any CPU.ActiveCfg = Debug|Any CPU
		{722B86B2-3E82-4E65-9F00-BFD02ECBF10B}.Debug|Any CPU.Build.0 = Debug|Any CPU
		{722B86B2-3E82-4E65-9F00-BFD02ECBF10B}.Release|Any CPU.ActiveCfg = Release|Any CPU
		{722B86B2-3E82-4E65-9F00-BFD02ECBF10B}.Release|Any CPU.Build.0 = Release|Any CPU
	EndGlobalSection
	GlobalSection(SolutionProperties) = preSolution
		HideSolutionNode = FALSE
	EndGlobalSection
	GlobalSection(NestedProjects) = preSolution
		{F2059FB0-F0FE-483F-8EC6-B21B197758C3} = {09FB0E44-1420-41FC-A89A-584C2CA6CC38}
		{5F2D9171-BE52-4149-879E-A4240E23A420} = {77B1D698-3077-41AF-81A0-771471FB4168}
		{C3F55344-C5E2-422E-AE7C-2A504C964DE1} = {77B1D698-3077-41AF-81A0-771471FB4168}
		{0AC547EB-CFC5-415D-A7D2-3A5FE794D105} = {77B1D698-3077-41AF-81A0-771471FB4168}
		{7F5781E7-3237-4F8D-99EA-832AECB4689F} = {6E6558F3-5FE8-4355-B97E-9CCF72EE65CD}
		{EC5AAD26-9E9C-4A7D-834D-326408BE0836} = {6E6558F3-5FE8-4355-B97E-9CCF72EE65CD}
		{A9D84529-C475-41CE-856D-8FC2AA58EF3D} = {1D4DF333-EE41-4EC8-B5FD-C1AC1A51F894}
		{722B86B2-3E82-4E65-9F00-BFD02ECBF10B} = {1D4DF333-EE41-4EC8-B5FD-C1AC1A51F894}
	EndGlobalSection
	GlobalSection(ExtensibilityGlobals) = postSolution
		SolutionGuid = {79293410-CC57-4CF5-8F01-EC3A308CEE23}
	EndGlobalSection
EndGlobal
